{
  "name": "x-openapi-flow-example-insomnia",
  "version": "1.3.1",
  "lockfileVersion": 3,
  "requires": true,
  "packages": {
    "": {
      "name": "x-openapi-flow-example-insomnia",
      "version": "1.3.1",
      "dependencies": {
        "x-openapi-flow": "file:../../x-openapi-flow"
      }
    },
    "../../x-openapi-flow": {
      "version": "1.3.7",
      "license": "MIT",
      "dependencies": {
        "ajv": "^8.17.1",
        "handlebars": "^4.7.8",
        "js-yaml": "^4.1.0"
      },
      "bin": {
        "x-openapi-flow": "bin/x-openapi-flow.js"
      },
      "engines": {
        "node": ">=18"
      }
    },
    "node_modules/x-openapi-flow": {
      "resolved": "../../x-openapi-flow",
      "link": true
    }
  }
}
